
Microsoft Visual Studio Solution File, Format Version 12.00
# Visual Studio Version 17
VisualStudioVersion = 17.4.33213.308
MinimumVisualStudioVersion = 10.0.40219.1
Project("{9A19103F-16F7-4668-BE54-9A1E7A4F7556}") = "AM.IU.Console", "AM.IU.Console\AM.IU.Console.csproj", "{21A05A9E-9C6D-4FC5-BEB1-53ADCA63396A}"
EndProject
Project("{9A19103F-16F7-4668-BE54-9A1E7A4F7556}") = "AM.ApplicationCore", "AM.ApplicationCore\AM.ApplicationCore.csproj", "{8FF261F8-D13C-405C-AB9B-F0453258D7D1}"
EndProject
Global
	GlobalSection(SolutionConfigurationPlatforms) = preSolution
		Debug|Any CPU = Debug|Any CPU
		Release|Any CPU = Release|Any CPU
	EndGlobalSection
	GlobalSection(ProjectConfigurationPlatforms) = postSolution
		{21A05A9E-9C6D-4FC5-BEB1-53ADCA63396A}.Debug|Any CPU.ActiveCfg = Debug|Any CPU
		{21A05A9E-9C6D-4FC5-BEB1-53ADCA63396A}.Debug|Any CPU.Build.0 = Debug|Any CPU
		{21A05A9E-9C6D-4FC5-BEB1-53ADCA63396A}.Release|Any CPU.ActiveCfg = Release|Any CPU
		{21A05A9E-9C6D-4FC5-BEB1-53ADCA63396A}.Release|Any CPU.Build.0 = Release|Any CPU
		{8FF261F8-D13C-405C-AB9B-F0453258D7D1}.Debug|Any CPU.ActiveCfg = Debug|Any CPU
		{8FF261F8-D13C-405C-AB9B-F0453258D7D1}.Debug|Any CPU.Build.0 = Debug|Any CPU
		{8FF261F8-D13C-405C-AB9B-F0453258D7D1}.Release|Any CPU.ActiveCfg = Release|Any CPU
		{8FF261F8-D13C-405C-AB9B-F0453258D7D1}.Release|Any CPU.Build.0 = Release|Any CPU
	EndGlobalSection
	GlobalSection(SolutionProperties) = preSolution
		HideSolutionNode = FALSE
	EndGlobalSection
	GlobalSection(ExtensibilityGlobals) = postSolution
		SolutionGuid = {DAFFB275-2DAE-4E81-A25E-985A482617FC}
	EndGlobalSection
EndGlobal
